
Microsoft Visual Studio Solution File, Format Version 12.00
# Visual Studio Version 17
VisualStudioVersion = 17.5.002.0
MinimumVisualStudioVersion = 10.0.40219.1
Project("{9A19103F-16F7-4668-BE54-9A1E7A4F7556}") = "ASP.NET-Core", "ASP.NET-Core\ASP.NET-Core.csproj", "{F3BBA255-7F29-4376-8DE2-658CEEF1193C}"
EndProject
Project("{9A19103F-16F7-4668-BE54-9A1E7A4F7556}") = "C#", "C#\C#.csproj", "{6F511D16-31E6-4945-A588-E2C9508A59DC}"
EndProject
Global
	GlobalSection(SolutionConfigurationPlatforms) = preSolution
		Debug|Any CPU = Debug|Any CPU
		Release|Any CPU = Release|Any CPU
	EndGlobalSection
	GlobalSection(ProjectConfigurationPlatforms) = postSolution
		{F3BBA255-7F29-4376-8DE2-658CEEF1193C}.Debug|Any CPU.ActiveCfg = Debug|Any CPU
		{F3BBA255-7F29-4376-8DE2-658CEEF1193C}.Debug|Any CPU.Build.0 = Debug|Any CPU
		{F3BBA255-7F29-4376-8DE2-658CEEF1193C}.Release|Any CPU.ActiveCfg = Release|Any CPU
		{F3BBA255-7F29-4376-8DE2-658CEEF1193C}.Release|Any CPU.Build.0 = Release|Any CPU
		{6F511D16-31E6-4945-A588-E2C9508A59DC}.Debug|Any CPU.ActiveCfg = Debug|Any CPU
		{6F511D16-31E6-4945-A588-E2C9508A59DC}.Debug|Any CPU.Build.0 = Debug|Any CPU
		{6F511D16-31E6-4945-A588-E2C9508A59DC}.Release|Any CPU.ActiveCfg = Release|Any CPU
		{6F511D16-31E6-4945-A588-E2C9508A59DC}.Release|Any CPU.Build.0 = Release|Any CPU
	EndGlobalSection
	GlobalSection(SolutionProperties) = preSolution
		HideSolutionNode = FALSE
	EndGlobalSection
	GlobalSection(ExtensibilityGlobals) = postSolution
		SolutionGuid = {2503F5FC-1AC9-4A69-9DFE-6A77526D02E3}
	EndGlobalSection
EndGlobal
