
Microsoft Visual Studio Solution File, Format Version 12.00
# Visual Studio Version 17
VisualStudioVersion = 17.5.002.0
MinimumVisualStudioVersion = 10.0.40219.1
Project("{9A19103F-16F7-4668-BE54-9A1E7A4F7556}") = "ASP.NET-Core", "ASP.NET-Core.csproj", "{42430B6F-A399-4FB3-9861-2FEEE1367F4A}"
EndProject
Global
	GlobalSection(SolutionConfigurationPlatforms) = preSolution
		Debug|Any CPU = Debug|Any CPU
		Release|Any CPU = Release|Any CPU
	EndGlobalSection
	GlobalSection(ProjectConfigurationPlatforms) = postSolution
		{42430B6F-A399-4FB3-9861-2FEEE1367F4A}.Debug|Any CPU.ActiveCfg = Debug|Any CPU
		{42430B6F-A399-4FB3-9861-2FEEE1367F4A}.Debug|Any CPU.Build.0 = Debug|Any CPU
		{42430B6F-A399-4FB3-9861-2FEEE1367F4A}.Release|Any CPU.ActiveCfg = Release|Any CPU
		{42430B6F-A399-4FB3-9861-2FEEE1367F4A}.Release|Any CPU.Build.0 = Release|Any CPU
	EndGlobalSection
	GlobalSection(SolutionProperties) = preSolution
		HideSolutionNode = FALSE
	EndGlobalSection
	GlobalSection(ExtensibilityGlobals) = postSolution
		SolutionGuid = {BCF2E5B8-BB81-4A58-A37A-B4007ADA93F9}
	EndGlobalSection
EndGlobal
